{
  "name": "blog",
  "lockfileVersion": 2,
  "requires": true,
  "packages": {
    "": {
      "dependencies": {
        "@popperjs/core": "2.0.0-alpha.1",
        "@rails/ujs": "^7.0.2-4",
        "bootstrap": "5.0.0-beta2",
        "jquery": "^3.6.0"
      }
    },
    "node_modules/@popperjs/core": {
      "version": "2.0.0-alpha.1",
      "resolved": "https://registry.npmjs.org/@popperjs/core/-/core-2.0.0-alpha.1.tgz",
      "integrity": "sha512-AEw/mCzKVPweZMy6DAeLQT2xDUtoHWL4I2v2/091Yr3M6RL5v2I786/3Ln1W19eO5/FoimUUtI6L8CpAp06Txw==",
      "license": "MIT"
    },
    "node_modules/@rails/ujs": {
      "version": "7.0.2-4",
      "resolved": "https://registry.npmjs.org/@rails/ujs/-/ujs-7.0.2-4.tgz",
      "integrity": "sha512-P5DGRBx0bP/VDqKCWYHNAQQrRuyQ4QXgFwfMPyboBjKyZiaicotm2CYyTLxYX6vbB4RAd33jUaddeeDq8Q/0CA=="
    },
    "node_modules/bootstrap": {
      "version": "5.0.0-beta2",
      "resolved": "https://registry.npmjs.org/bootstrap/-/bootstrap-5.0.0-beta2.tgz",
      "integrity": "sha512-e+uPbPHqTQWKyCX435uVlOmgH9tUt0xtjvyOC7knhKgOS643BrQKuTo+KecGpPV7qlmOyZgCfaM4xxPWtDEN/g==",
      "license": "MIT",
      "funding": {
        "type": "opencollective",
        "url": "https://opencollective.com/bootstrap"
      },
      "peerDependencies": {
        "@popperjs/core": "^2.6.0"
      }
    },
    "node_modules/jquery": {
      "version": "3.6.0",
      "resolved": "https://registry.npmjs.org/jquery/-/jquery-3.6.0.tgz",
      "integrity": "sha512-JVzAR/AjBvVt2BmYhxRCSYysDsPcssdmTFnzyLEts9qNwmjmu4JTAMYubEfwVOSwpQ1I1sKKFcxhZCI2buerfw==",
      "license": "MIT"
    }
  },
  "dependencies": {
    "@popperjs/core": {
      "version": "2.0.0-alpha.1",
      "resolved": "https://registry.npmjs.org/@popperjs/core/-/core-2.0.0-alpha.1.tgz",
      "integrity": "sha512-AEw/mCzKVPweZMy6DAeLQT2xDUtoHWL4I2v2/091Yr3M6RL5v2I786/3Ln1W19eO5/FoimUUtI6L8CpAp06Txw=="
    },
    "@rails/ujs": {
      "version": "7.0.2-4",
      "resolved": "https://registry.npmjs.org/@rails/ujs/-/ujs-7.0.2-4.tgz",
      "integrity": "sha512-P5DGRBx0bP/VDqKCWYHNAQQrRuyQ4QXgFwfMPyboBjKyZiaicotm2CYyTLxYX6vbB4RAd33jUaddeeDq8Q/0CA=="
    },
    "bootstrap": {
      "version": "5.0.0-beta2",
      "resolved": "https://registry.npmjs.org/bootstrap/-/bootstrap-5.0.0-beta2.tgz",
      "integrity": "sha512-e+uPbPHqTQWKyCX435uVlOmgH9tUt0xtjvyOC7knhKgOS643BrQKuTo+KecGpPV7qlmOyZgCfaM4xxPWtDEN/g==",
      "requires": {}
    },
    "jquery": {
      "version": "3.6.0",
      "resolved": "https://registry.npmjs.org/jquery/-/jquery-3.6.0.tgz",
      "integrity": "sha512-JVzAR/AjBvVt2BmYhxRCSYysDsPcssdmTFnzyLEts9qNwmjmu4JTAMYubEfwVOSwpQ1I1sKKFcxhZCI2buerfw=="
    }
  }
}
